
Microsoft Visual Studio Solution File, Format Version 12.00
# Visual Studio 15
VisualStudioVersion = 15.0.27004.2006
MinimumVisualStudioVersion = 10.0.40219.1
Project("{FAE04EC0-301F-11D3-BF4B-00C04F79EFBC}") = "Model_Of_Shlak", "Model_Of_Shlak\Model_Of_Shlak.csproj", "{6CF22BD1-5B57-4F96-AF70-6E25FC7EFA02}"
EndProject
Global
	GlobalSection(SolutionConfigurationPlatforms) = preSolution
		Debug|Any CPU = Debug|Any CPU
		Release|Any CPU = Release|Any CPU
	EndGlobalSection
	GlobalSection(ProjectConfigurationPlatforms) = postSolution
		{6CF22BD1-5B57-4F96-AF70-6E25FC7EFA02}.Debug|Any CPU.ActiveCfg = Debug|Any CPU
		{6CF22BD1-5B57-4F96-AF70-6E25FC7EFA02}.Debug|Any CPU.Build.0 = Debug|Any CPU
		{6CF22BD1-5B57-4F96-AF70-6E25FC7EFA02}.Release|Any CPU.ActiveCfg = Release|Any CPU
		{6CF22BD1-5B57-4F96-AF70-6E25FC7EFA02}.Release|Any CPU.Build.0 = Release|Any CPU
	EndGlobalSection
	GlobalSection(SolutionProperties) = preSolution
		HideSolutionNode = FALSE
	EndGlobalSection
	GlobalSection(ExtensibilityGlobals) = postSolution
		SolutionGuid = {B7498470-62DA-4384-90C8-F162DCC88530}
	EndGlobalSection
EndGlobal
